
Microsoft Visual Studio Solution File, Format Version 12.00
# Visual Studio Version 17
VisualStudioVersion = 17.5.002.0
MinimumVisualStudioVersion = 10.0.40219.1
Project("{9A19103F-16F7-4668-BE54-9A1E7A4F7556}") = "PusulaApp", "PusulaApp.csproj", "{34E421E7-6086-4ECF-9057-D7A6A4A8E2BC}"
EndProject
Global
	GlobalSection(SolutionConfigurationPlatforms) = preSolution
		Debug|Any CPU = Debug|Any CPU
		Release|Any CPU = Release|Any CPU
	EndGlobalSection
	GlobalSection(ProjectConfigurationPlatforms) = postSolution
		{34E421E7-6086-4ECF-9057-D7A6A4A8E2BC}.Debug|Any CPU.ActiveCfg = Debug|Any CPU
		{34E421E7-6086-4ECF-9057-D7A6A4A8E2BC}.Debug|Any CPU.Build.0 = Debug|Any CPU
		{34E421E7-6086-4ECF-9057-D7A6A4A8E2BC}.Release|Any CPU.ActiveCfg = Release|Any CPU
		{34E421E7-6086-4ECF-9057-D7A6A4A8E2BC}.Release|Any CPU.Build.0 = Release|Any CPU
	EndGlobalSection
	GlobalSection(SolutionProperties) = preSolution
		HideSolutionNode = FALSE
	EndGlobalSection
	GlobalSection(ExtensibilityGlobals) = postSolution
		SolutionGuid = {60E2A5C0-A6DE-4FAD-8AC7-5B962D5F933D}
	EndGlobalSection
EndGlobal
